
Microsoft Visual Studio Solution File, Format Version 10.00
# Visual Studio 2008
Project("{FAE04EC0-301F-11D3-BF4B-00C04F79EFBC}") = "Game", "Game\Game.csproj", "{93D46B65-B2E0-46C9-8BAA-518B3DB64DC0}"
EndProject
Project("{FAE04EC0-301F-11D3-BF4B-00C04F79EFBC}") = "Debugger", "Debugger\Debugger.csproj", "{6E0A8482-B7A3-4915-AA37-F193473BF4EF}"
EndProject
Project("{FAE04EC0-301F-11D3-BF4B-00C04F79EFBC}") = "CSVToXML", "CSVToXML\CSVToXML.csproj", "{FAAE202A-B5DA-495F-A059-FCB229C5D151}"
EndProject
Project("{FAE04EC0-301F-11D3-BF4B-00C04F79EFBC}") = "Battle", "Battle\Battle.csproj", "{54F7EC0C-472E-4668-9152-465A8597D261}"
EndProject
Project("{FAE04EC0-301F-11D3-BF4B-00C04F79EFBC}") = "Simulator", "Simulator\Simulator.csproj", "{BE63626B-E81E-4A4A-80C0-F03E76C7F155}"
EndProject
Project("{FAE04EC0-301F-11D3-BF4B-00C04F79EFBC}") = "Launcher", "Launcher\Launcher.csproj", "{6EE346B4-BB8C-4CE8-B95C-1DCD693B296B}"
EndProject
Project("{2150E333-8FDC-42A3-9474-1A3956D46DE8}") = "Solution Items", "Solution Items", "{DE2FE5FA-D81A-4387-BFEF-5387EEA6F84A}"
	ProjectSection(SolutionItems) = preProject
		Game5.vsmdi = Game5.vsmdi
		LocalTestRun.testrunconfig = LocalTestRun.testrunconfig
	EndProjectSection
EndProject
Project("{FAE04EC0-301F-11D3-BF4B-00C04F79EFBC}") = "MapGenerator", "MapGenerator\MapGenerator.csproj", "{DD17A617-76C6-4E55-8C4C-E04C4FEE58B8}"
EndProject
Project("{FAE04EC0-301F-11D3-BF4B-00C04F79EFBC}") = "Testing", "Testing\Testing.csproj", "{D1F46AEF-D56B-4744-A0DB-7AB2EA8CC729}"
EndProject
Project("{FAE04EC0-301F-11D3-BF4B-00C04F79EFBC}") = "LauncherService", "LauncherService\LauncherService.csproj", "{F934F8B0-48F3-4E07-BFB3-D074B4A1BDE5}"
EndProject
Project("{FAE04EC0-301F-11D3-BF4B-00C04F79EFBC}") = "ConsoleSimulator", "ConsoleSimulator\ConsoleSimulator.csproj", "{831301A1-D65D-4DD6-AB67-23FBBE59145A}"
EndProject
Global
	GlobalSection(SolutionConfigurationPlatforms) = preSolution
		Debug|Any CPU = Debug|Any CPU
		Release|Any CPU = Release|Any CPU
	EndGlobalSection
	GlobalSection(ProjectConfigurationPlatforms) = postSolution
		{93D46B65-B2E0-46C9-8BAA-518B3DB64DC0}.Debug|Any CPU.ActiveCfg = Debug|Any CPU
		{93D46B65-B2E0-46C9-8BAA-518B3DB64DC0}.Debug|Any CPU.Build.0 = Debug|Any CPU
		{93D46B65-B2E0-46C9-8BAA-518B3DB64DC0}.Release|Any CPU.ActiveCfg = Release|Any CPU
		{93D46B65-B2E0-46C9-8BAA-518B3DB64DC0}.Release|Any CPU.Build.0 = Release|Any CPU
		{6E0A8482-B7A3-4915-AA37-F193473BF4EF}.Debug|Any CPU.ActiveCfg = Debug|Any CPU
		{6E0A8482-B7A3-4915-AA37-F193473BF4EF}.Debug|Any CPU.Build.0 = Debug|Any CPU
		{6E0A8482-B7A3-4915-AA37-F193473BF4EF}.Release|Any CPU.ActiveCfg = Release|Any CPU
		{6E0A8482-B7A3-4915-AA37-F193473BF4EF}.Release|Any CPU.Build.0 = Release|Any CPU
		{FAAE202A-B5DA-495F-A059-FCB229C5D151}.Debug|Any CPU.ActiveCfg = Debug|Any CPU
		{FAAE202A-B5DA-495F-A059-FCB229C5D151}.Debug|Any CPU.Build.0 = Debug|Any CPU
		{FAAE202A-B5DA-495F-A059-FCB229C5D151}.Release|Any CPU.ActiveCfg = Release|Any CPU
		{FAAE202A-B5DA-495F-A059-FCB229C5D151}.Release|Any CPU.Build.0 = Release|Any CPU
		{54F7EC0C-472E-4668-9152-465A8597D261}.Debug|Any CPU.ActiveCfg = Debug|Any CPU
		{54F7EC0C-472E-4668-9152-465A8597D261}.Debug|Any CPU.Build.0 = Debug|Any CPU
		{54F7EC0C-472E-4668-9152-465A8597D261}.Release|Any CPU.ActiveCfg = Release|Any CPU
		{54F7EC0C-472E-4668-9152-465A8597D261}.Release|Any CPU.Build.0 = Release|Any CPU
		{BE63626B-E81E-4A4A-80C0-F03E76C7F155}.Debug|Any CPU.ActiveCfg = Debug|Any CPU
		{BE63626B-E81E-4A4A-80C0-F03E76C7F155}.Debug|Any CPU.Build.0 = Debug|Any CPU
		{BE63626B-E81E-4A4A-80C0-F03E76C7F155}.Release|Any CPU.ActiveCfg = Release|Any CPU
		{BE63626B-E81E-4A4A-80C0-F03E76C7F155}.Release|Any CPU.Build.0 = Release|Any CPU
		{6EE346B4-BB8C-4CE8-B95C-1DCD693B296B}.Debug|Any CPU.ActiveCfg = Debug|Any CPU
		{6EE346B4-BB8C-4CE8-B95C-1DCD693B296B}.Debug|Any CPU.Build.0 = Debug|Any CPU
		{6EE346B4-BB8C-4CE8-B95C-1DCD693B296B}.Release|Any CPU.ActiveCfg = Release|Any CPU
		{6EE346B4-BB8C-4CE8-B95C-1DCD693B296B}.Release|Any CPU.Build.0 = Release|Any CPU
		{DD17A617-76C6-4E55-8C4C-E04C4FEE58B8}.Debug|Any CPU.ActiveCfg = Debug|Any CPU
		{DD17A617-76C6-4E55-8C4C-E04C4FEE58B8}.Debug|Any CPU.Build.0 = Debug|Any CPU
		{DD17A617-76C6-4E55-8C4C-E04C4FEE58B8}.Release|Any CPU.ActiveCfg = Release|Any CPU
		{DD17A617-76C6-4E55-8C4C-E04C4FEE58B8}.Release|Any CPU.Build.0 = Release|Any CPU
		{D1F46AEF-D56B-4744-A0DB-7AB2EA8CC729}.Debug|Any CPU.ActiveCfg = Debug|Any CPU
		{D1F46AEF-D56B-4744-A0DB-7AB2EA8CC729}.Debug|Any CPU.Build.0 = Debug|Any CPU
		{D1F46AEF-D56B-4744-A0DB-7AB2EA8CC729}.Release|Any CPU.ActiveCfg = Release|Any CPU
		{D1F46AEF-D56B-4744-A0DB-7AB2EA8CC729}.Release|Any CPU.Build.0 = Release|Any CPU
		{F934F8B0-48F3-4E07-BFB3-D074B4A1BDE5}.Debug|Any CPU.ActiveCfg = Debug|Any CPU
		{F934F8B0-48F3-4E07-BFB3-D074B4A1BDE5}.Debug|Any CPU.Build.0 = Debug|Any CPU
		{F934F8B0-48F3-4E07-BFB3-D074B4A1BDE5}.Release|Any CPU.ActiveCfg = Release|Any CPU
		{F934F8B0-48F3-4E07-BFB3-D074B4A1BDE5}.Release|Any CPU.Build.0 = Release|Any CPU
		{831301A1-D65D-4DD6-AB67-23FBBE59145A}.Debug|Any CPU.ActiveCfg = Debug|Any CPU
		{831301A1-D65D-4DD6-AB67-23FBBE59145A}.Debug|Any CPU.Build.0 = Debug|Any CPU
		{831301A1-D65D-4DD6-AB67-23FBBE59145A}.Release|Any CPU.ActiveCfg = Release|Any CPU
		{831301A1-D65D-4DD6-AB67-23FBBE59145A}.Release|Any CPU.Build.0 = Release|Any CPU
	EndGlobalSection
	GlobalSection(SolutionProperties) = preSolution
		HideSolutionNode = FALSE
	EndGlobalSection
EndGlobal
